
Microsoft Visual Studio Solution File, Format Version 12.00
# Visual Studio Version 17
VisualStudioVersion = 17.10.35013.160
MinimumVisualStudioVersion = 10.0.40219.1
Project("{FAE04EC0-301F-11D3-BF4B-00C04F79EFBC}") = "BulkyWeb", "BulkyWeb\BulkyWeb.csproj", "{C507CB73-ECF2-4B75-8D84-3999388075FD}"
EndProject
Global
	GlobalSection(SolutionConfigurationPlatforms) = preSolution
		Debug|Any CPU = Debug|Any CPU
		Release|Any CPU = Release|Any CPU
	EndGlobalSection
	GlobalSection(ProjectConfigurationPlatforms) = postSolution
		{C507CB73-ECF2-4B75-8D84-3999388075FD}.Debug|Any CPU.ActiveCfg = Debug|Any CPU
		{C507CB73-ECF2-4B75-8D84-3999388075FD}.Debug|Any CPU.Build.0 = Debug|Any CPU
		{C507CB73-ECF2-4B75-8D84-3999388075FD}.Release|Any CPU.ActiveCfg = Release|Any CPU
		{C507CB73-ECF2-4B75-8D84-3999388075FD}.Release|Any CPU.Build.0 = Release|Any CPU
	EndGlobalSection
	GlobalSection(SolutionProperties) = preSolution
		HideSolutionNode = FALSE
	EndGlobalSection
	GlobalSection(ExtensibilityGlobals) = postSolution
		SolutionGuid = {7EFB8872-F8AA-41FD-8125-6FE0C2C89418}
	EndGlobalSection
EndGlobal
